<?xml version="1.0" encoding="utf-8"?>
<Project ToolsVersion="4.0" xmlns="http://schemas.microsoft.com/developer/msbuild/2003">
  <ItemGroup>
    <Filter Include="Source Files">
      <UniqueIdentifier>{ec3cb095-333a-4174-920c-a4487a5418df}</UniqueIdentifier>
      <Extensions>cpp;c;cc;cxx;def;odl;idl;hpj;bat;asm;asmx</Extensions>
    </Filter>
    <Filter Include="Header Files">
      <UniqueIdentifier>{de356796-c6ba-44db-b32e-85a544fb7a42}</UniqueIdentifier>
      <Extensions>h;hpp;hxx;hm;inl;inc;xsd</Extensions>
    </Filter>
    <Filter Include="Resource Files">
      <UniqueIdentifier>{45139b67-474b-44f7-8653-bba196cdf091}</UniqueIdentifier>
      <Extensions>rc;ico;cur;bmp;dlg;rc2;rct;bin;rgs;gif;jpg;jpeg;jpe;resx;tiff;tif;png;wav</Extensions>
    </Filter>
  </ItemGroup>
  <ItemGroup>
    <ClInclude Include="SDLCommon.h">
      <Filter>Header Files</Filter>
    </ClInclude>
    <ClInclude Include="SDLFont.h">
      <Filter>Header Files</Filter>
    </ClInclude>
    <ClInclude Include="SDLMain.h">
      <Filter>Header Files</Filter>
    </ClInclude>
    <ClInclude Include="SDLVideo.h">
      <Filter>Header Files</Filter>
    </ClInclude>
  </ItemGroup>
  <ItemGroup>
    <ClCompile Include="SDLFont.cpp">
      <Filter>Source Files</Filter>
    </ClCompile>
    <ClCompile Include="SDLMain.cpp">
      <Filter>Source Files</Filter>
    </ClCompile>
    <ClCompile Include="SDLVideo.cpp">
      <Filter>Source Files</Filter>
    </ClCompile>
  </ItemGroup>
</Project>